
Microsoft Visual Studio Solution File, Format Version 12.00
# Visual Studio Version 17
VisualStudioVersion = 17.3.32929.385
MinimumVisualStudioVersion = 10.0.40219.1
Project("{FAE04EC0-301F-11D3-BF4B-00C04F79EFBC}") = "slnGrupalHerencia", "slnGrupalHerencia\slnGrupalHerencia.csproj", "{C338011C-AD0B-4EE8-AC54-D07DF10D084F}"
EndProject
Global
	GlobalSection(SolutionConfigurationPlatforms) = preSolution
		Debug|Any CPU = Debug|Any CPU
		Release|Any CPU = Release|Any CPU
	EndGlobalSection
	GlobalSection(ProjectConfigurationPlatforms) = postSolution
		{C338011C-AD0B-4EE8-AC54-D07DF10D084F}.Debug|Any CPU.ActiveCfg = Debug|Any CPU
		{C338011C-AD0B-4EE8-AC54-D07DF10D084F}.Debug|Any CPU.Build.0 = Debug|Any CPU
		{C338011C-AD0B-4EE8-AC54-D07DF10D084F}.Release|Any CPU.ActiveCfg = Release|Any CPU
		{C338011C-AD0B-4EE8-AC54-D07DF10D084F}.Release|Any CPU.Build.0 = Release|Any CPU
	EndGlobalSection
	GlobalSection(SolutionProperties) = preSolution
		HideSolutionNode = FALSE
	EndGlobalSection
	GlobalSection(ExtensibilityGlobals) = postSolution
		SolutionGuid = {310EB433-E724-4E8F-8739-F65183B47EB6}
	EndGlobalSection
EndGlobal
